
Microsoft Visual Studio Solution File, Format Version 12.00
# Visual Studio 15
VisualStudioVersion = 15.0.27130.2027
MinimumVisualStudioVersion = 10.0.40219.1
Project("{FAE04EC0-301F-11D3-BF4B-00C04F79EFBC}") = "CacheHandler", "CacheHandler\CacheHandler.csproj", "{22DFDD3B-EE31-4050-B313-97CDC00EF189}"
EndProject
Global
	GlobalSection(SolutionConfigurationPlatforms) = preSolution
		Debug|Any CPU = Debug|Any CPU
		Release|Any CPU = Release|Any CPU
	EndGlobalSection
	GlobalSection(ProjectConfigurationPlatforms) = postSolution
		{22DFDD3B-EE31-4050-B313-97CDC00EF189}.Debug|Any CPU.ActiveCfg = Debug|Any CPU
		{22DFDD3B-EE31-4050-B313-97CDC00EF189}.Debug|Any CPU.Build.0 = Debug|Any CPU
		{22DFDD3B-EE31-4050-B313-97CDC00EF189}.Release|Any CPU.ActiveCfg = Release|Any CPU
		{22DFDD3B-EE31-4050-B313-97CDC00EF189}.Release|Any CPU.Build.0 = Release|Any CPU
	EndGlobalSection
	GlobalSection(SolutionProperties) = preSolution
		HideSolutionNode = FALSE
	EndGlobalSection
	GlobalSection(ExtensibilityGlobals) = postSolution
		SolutionGuid = {005D5E56-C698-4267-897B-923A917D6793}
	EndGlobalSection
EndGlobal
